
Microsoft Visual Studio Solution File, Format Version 12.00
# Visual Studio 15
VisualStudioVersion = 15.0.27703.2035
MinimumVisualStudioVersion = 10.0.40219.1
Project("{9A19103F-16F7-4668-BE54-9A1E7A4F7556}") = "RxTestApp", "ConsoleApp1\RxTestApp.csproj", "{F2569EBC-35E8-4503-9C8A-C6D21D2048C9}"
EndProject
Global
	GlobalSection(SolutionConfigurationPlatforms) = preSolution
		Debug|Any CPU = Debug|Any CPU
		Release|Any CPU = Release|Any CPU
	EndGlobalSection
	GlobalSection(ProjectConfigurationPlatforms) = postSolution
		{F2569EBC-35E8-4503-9C8A-C6D21D2048C9}.Debug|Any CPU.ActiveCfg = Debug|Any CPU
		{F2569EBC-35E8-4503-9C8A-C6D21D2048C9}.Debug|Any CPU.Build.0 = Debug|Any CPU
		{F2569EBC-35E8-4503-9C8A-C6D21D2048C9}.Release|Any CPU.ActiveCfg = Release|Any CPU
		{F2569EBC-35E8-4503-9C8A-C6D21D2048C9}.Release|Any CPU.Build.0 = Release|Any CPU
	EndGlobalSection
	GlobalSection(SolutionProperties) = preSolution
		HideSolutionNode = FALSE
	EndGlobalSection
	GlobalSection(ExtensibilityGlobals) = postSolution
		SolutionGuid = {B6CBD914-2F75-4E7D-BCB3-E45F1301FF9B}
	EndGlobalSection
EndGlobal
